
Microsoft Visual Studio Solution File, Format Version 12.00
# Visual Studio Version 16
VisualStudioVersion = 16.0.29728.190
MinimumVisualStudioVersion = 10.0.40219.1
Project("{9A19103F-16F7-4668-BE54-9A1E7A4F7556}") = "ServicesCeltaWare.Model", "ServicesCeltaWare.Model\ServicesCeltaWare.Model.csproj", "{041A8F9D-9AC7-4E09-A589-BD299789891F}"
EndProject
Project("{9A19103F-16F7-4668-BE54-9A1E7A4F7556}") = "ServicesCeltaware.BackEnd", "ServicesCeltaware.BackEnd\ServicesCeltaware.BackEnd.csproj", "{FCD119E4-0E4B-44BC-BF20-5F7430221A30}"
EndProject
Project("{9A19103F-16F7-4668-BE54-9A1E7A4F7556}") = "ServicesCeltaWare.DAL", "ServicesCeltaWare.DAL\ServicesCeltaWare.DAL.csproj", "{B9A73C08-C588-46EC-B159-44A01EF87954}"
EndProject
Project("{9A19103F-16F7-4668-BE54-9A1E7A4F7556}") = "ServicesCeltaware.ServerAPI", "ServicesCeltaware.ServerAPI\ServicesCeltaware.ServerAPI.csproj", "{0F76A674-58BD-43F3-AC14-9756922F5BB0}"
EndProject
Project("{FAE04EC0-301F-11D3-BF4B-00C04F79EFBC}") = "ServicesCeltaWare.Tools", "ServicesCeltaWare.Tools\ServicesCeltaWare.Tools.csproj", "{012EB8E0-FE9C-4AE7-AE6B-7D6569AE46F8}"
EndProject
Global
	GlobalSection(SolutionConfigurationPlatforms) = preSolution
		Debug|Any CPU = Debug|Any CPU
		Release|Any CPU = Release|Any CPU
	EndGlobalSection
	GlobalSection(ProjectConfigurationPlatforms) = postSolution
		{041A8F9D-9AC7-4E09-A589-BD299789891F}.Debug|Any CPU.ActiveCfg = Debug|Any CPU
		{041A8F9D-9AC7-4E09-A589-BD299789891F}.Debug|Any CPU.Build.0 = Debug|Any CPU
		{041A8F9D-9AC7-4E09-A589-BD299789891F}.Release|Any CPU.ActiveCfg = Release|Any CPU
		{041A8F9D-9AC7-4E09-A589-BD299789891F}.Release|Any CPU.Build.0 = Release|Any CPU
		{FCD119E4-0E4B-44BC-BF20-5F7430221A30}.Debug|Any CPU.ActiveCfg = Debug|Any CPU
		{FCD119E4-0E4B-44BC-BF20-5F7430221A30}.Debug|Any CPU.Build.0 = Debug|Any CPU
		{FCD119E4-0E4B-44BC-BF20-5F7430221A30}.Release|Any CPU.ActiveCfg = Release|Any CPU
		{FCD119E4-0E4B-44BC-BF20-5F7430221A30}.Release|Any CPU.Build.0 = Release|Any CPU
		{B9A73C08-C588-46EC-B159-44A01EF87954}.Debug|Any CPU.ActiveCfg = Debug|Any CPU
		{B9A73C08-C588-46EC-B159-44A01EF87954}.Debug|Any CPU.Build.0 = Debug|Any CPU
		{B9A73C08-C588-46EC-B159-44A01EF87954}.Release|Any CPU.ActiveCfg = Release|Any CPU
		{B9A73C08-C588-46EC-B159-44A01EF87954}.Release|Any CPU.Build.0 = Release|Any CPU
		{0F76A674-58BD-43F3-AC14-9756922F5BB0}.Debug|Any CPU.ActiveCfg = Debug|Any CPU
		{0F76A674-58BD-43F3-AC14-9756922F5BB0}.Debug|Any CPU.Build.0 = Debug|Any CPU
		{0F76A674-58BD-43F3-AC14-9756922F5BB0}.Release|Any CPU.ActiveCfg = Release|Any CPU
		{0F76A674-58BD-43F3-AC14-9756922F5BB0}.Release|Any CPU.Build.0 = Release|Any CPU
		{012EB8E0-FE9C-4AE7-AE6B-7D6569AE46F8}.Debug|Any CPU.ActiveCfg = Debug|Any CPU
		{012EB8E0-FE9C-4AE7-AE6B-7D6569AE46F8}.Debug|Any CPU.Build.0 = Debug|Any CPU
		{012EB8E0-FE9C-4AE7-AE6B-7D6569AE46F8}.Release|Any CPU.ActiveCfg = Release|Any CPU
		{012EB8E0-FE9C-4AE7-AE6B-7D6569AE46F8}.Release|Any CPU.Build.0 = Release|Any CPU
	EndGlobalSection
	GlobalSection(SolutionProperties) = preSolution
		HideSolutionNode = FALSE
	EndGlobalSection
	GlobalSection(ExtensibilityGlobals) = postSolution
		SolutionGuid = {86751628-18CF-4D83-BE3A-A113D38A7923}
	EndGlobalSection
EndGlobal
